
Microsoft Visual Studio Solution File, Format Version 12.00
Project("{FAE04EC0-301F-11D3-BF4B-00C04F79EFBC}") = "Rohirrim.Net.Utilities", "src\Rohirrim.Net.Utilities\Rohirrim.Net.Utilities.csproj", "{ABB8E22C-8DE6-4694-A559-0BB5AC4568C9}"
EndProject
Project("{2150E333-8FDC-42A3-9474-1A3956D46DE8}") = "src", "src", "{8D5254E5-11EF-47D9-8C57-357F15369BF8}"
EndProject
Project("{2150E333-8FDC-42A3-9474-1A3956D46DE8}") = "tests", "tests", "{DA8270C5-DA4E-4EE6-995D-E30B9B16B14B}"
EndProject
Project("{FAE04EC0-301F-11D3-BF4B-00C04F79EFBC}") = "Rohirrim.Net.Utilities.UnitTests", "tests\Rohirrim.Net.Utilities.UnitTests\Rohirrim.Net.Utilities.UnitTests.csproj", "{2D9DB246-254E-4DC9-A9EB-C1CED7D5EBC7}"
EndProject
Global
	GlobalSection(SolutionConfigurationPlatforms) = preSolution
		Debug|Any CPU = Debug|Any CPU
		Release|Any CPU = Release|Any CPU
	EndGlobalSection
	GlobalSection(ProjectConfigurationPlatforms) = postSolution
		{ABB8E22C-8DE6-4694-A559-0BB5AC4568C9}.Debug|Any CPU.ActiveCfg = Debug|Any CPU
		{ABB8E22C-8DE6-4694-A559-0BB5AC4568C9}.Debug|Any CPU.Build.0 = Debug|Any CPU
		{ABB8E22C-8DE6-4694-A559-0BB5AC4568C9}.Release|Any CPU.ActiveCfg = Release|Any CPU
		{ABB8E22C-8DE6-4694-A559-0BB5AC4568C9}.Release|Any CPU.Build.0 = Release|Any CPU
		{2D9DB246-254E-4DC9-A9EB-C1CED7D5EBC7}.Debug|Any CPU.ActiveCfg = Debug|Any CPU
		{2D9DB246-254E-4DC9-A9EB-C1CED7D5EBC7}.Debug|Any CPU.Build.0 = Debug|Any CPU
		{2D9DB246-254E-4DC9-A9EB-C1CED7D5EBC7}.Release|Any CPU.ActiveCfg = Release|Any CPU
		{2D9DB246-254E-4DC9-A9EB-C1CED7D5EBC7}.Release|Any CPU.Build.0 = Release|Any CPU
	EndGlobalSection
	GlobalSection(NestedProjects) = preSolution
		{ABB8E22C-8DE6-4694-A559-0BB5AC4568C9} = {8D5254E5-11EF-47D9-8C57-357F15369BF8}
		{2D9DB246-254E-4DC9-A9EB-C1CED7D5EBC7} = {DA8270C5-DA4E-4EE6-995D-E30B9B16B14B}
	EndGlobalSection
EndGlobal
